{
  "version": 4,
  "terraform_version": "1.15.6",
  "serial": 9,
  "lineage": "a419940f-cbf3-b976-a627-3632dd0b43ba",
  "outputs": {
    "archivo": {
      "value": "archivo1",
      "type": "string"
    }
  },
  "resources": [
    {
      "module": "module.file-module",
      "mode": "managed",
      "type": "local_file",
      "name": "module-demo",
      "provider": "provider[\"registry.terraform.io/hashicorp/local\"]",
      "instances": [
        {
          "schema_version": 0,
          "attributes": {
            "content": "archivo1",
            "content_base64": null,
            "content_base64sha256": "MidgRN5/o+Jq8O+c0iDm7JCvZrX0ZcAHzxldXkTP3l4=",
            "content_base64sha512": "ixGCoCGbD0z2qJjONq7HANehpR6OW0gIBgt9jRndHy1lwCtNVNlQDLDaJooNCur57YyAoLkfd66I6zBX/HCLNw==",
            "content_md5": "ee86e4bc6114944e1b94eeb24a7f0e96",
            "content_sha1": "fd0cf60e82bcc383c18aa1e633c258d6ef339e9e",
            "content_sha256": "32276044de7fa3e26af0ef9cd220e6ec90af66b5f465c007cf195d5e44cfde5e",
            "content_sha512": "8b1182a0219b0f4cf6a898ce36aec700d7a1a51e8e5b4808060b7d8d19dd1f2d65c02b4d54d9500cb0da268a0d0aeaf9ed8c80a0b91f77ae88eb3057fc708b37",
            "directory_permission": "0777",
            "file_permission": "0777",
            "filename": "test.txt",
            "id": "fd0cf60e82bcc383c18aa1e633c258d6ef339e9e",
            "sensitive_content": null,
            "source": null
          },
          "sensitive_attributes": [
            [
              {
                "type": "get_attr",
                "value": "sensitive_content"
              }
            ]
          ],
          "identity_schema_version": 0
        }
      ]
    },
    {
      "module": "module.file-module-dos",
      "mode": "managed",
      "type": "local_file",
      "name": "module-demo",
      "provider": "provider[\"registry.terraform.io/hashicorp/local\"]",
      "instances": [
        {
          "schema_version": 0,
          "attributes": {
            "content": "archivo2",
            "content_base64": null,
            "content_base64sha256": "YAKFt91zsFGJly69ozoBFRvyJ/xudUzA8a7g8C0FtCg=",
            "content_base64sha512": "8qavPfbTt0t9f+NHRAOiabSk4eZjdm0CP948JcH5oJxz9g3NZE5GOJRkeVHViWnLiHPqqbCGqCrhHnebE+OOOw==",
            "content_md5": "f6057b019c049903a6174c9cf69441f1",
            "content_sha1": "cf0f63378f6676805f4989c66fbf6b44a0513a0e",
            "content_sha256": "600285b7dd73b05189972ebda33a01151bf227fc6e754cc0f1aee0f02d05b428",
            "content_sha512": "f2a6af3df6d3b74b7d7fe3474403a269b4a4e1e663766d023fde3c25c1f9a09c73f60dcd644e463894647951d58969cb8873eaa9b086a82ae11e779b13e38e3b",
            "directory_permission": "0777",
            "file_permission": "0777",
            "filename": "dos.txt",
            "id": "cf0f63378f6676805f4989c66fbf6b44a0513a0e",
            "sensitive_content": null,
            "source": null
          },
          "sensitive_attributes": [
            [
              {
                "type": "get_attr",
                "value": "sensitive_content"
              }
            ]
          ],
          "identity_schema_version": 0
        }
      ]
    }
  ],
  "check_results": null
}
