{
  "version": 4,
  "terraform_version": "1.15.6",
  "serial": 13,
  "lineage": "c76c65fa-8116-ef82-bb33-126d194e5ee1",
  "outputs": {},
  "resources": [
    {
      "mode": "managed",
      "type": "local_file",
      "name": "archivo",
      "provider": "provider[\"registry.terraform.io/hashicorp/local\"]",
      "instances": [
        {
          "schema_version": 0,
          "attributes": {
            "content": "Samu1",
            "content_base64": null,
            "content_base64sha256": "cg0Op46r0yDIymQ7NZQ/u5AQZtYu53B/UV+3aXxVYXI=",
            "content_base64sha512": "3ng1KFTXb5GDQL5PJCw3uD+bW4lQ7EkKoI8K3B49zlorXeDIIAwhCNwG9YmitE7nhT2FY61hffnzR2QbD00oHw==",
            "content_md5": "1b90e76721eb334f17a27e2d05ecbc02",
            "content_sha1": "ef37f3e2fc47eef4a3a9c50aa4f3e91035743283",
            "content_sha256": "720d0ea78eabd320c8ca643b35943fbb901066d62ee7707f515fb7697c556172",
            "content_sha512": "de78352854d76f918340be4f242c37b83f9b5b8950ec490aa08f0adc1e3dce5a2b5de0c8200c2108dc06f589a2b44ee7853d8563ad617df9f347641b0f4d281f",
            "directory_permission": "0777",
            "file_permission": "0777",
            "filename": "Samu.txt",
            "id": "ef37f3e2fc47eef4a3a9c50aa4f3e91035743283",
            "sensitive_content": null,
            "source": null
          },
          "sensitive_attributes": [
            [
              {
                "type": "get_attr",
                "value": "sensitive_content"
              }
            ]
          ],
          "identity_schema_version": 0
        }
      ]
    }
  ],
  "check_results": null
}
