{
  "version": 4,
  "terraform_version": "1.15.6",
  "serial": 5,
  "lineage": "ce504dbf-d0a4-367b-bf1c-1c7b6491dd92",
  "outputs": {},
  "resources": [
    {
      "mode": "managed",
      "type": "local_file",
      "name": "nombre",
      "provider": "provider[\"registry.terraform.io/hashicorp/local\"]",
      "instances": [
        {
          "schema_version": 0,
          "attributes": {
            "content": "100",
            "content_base64": null,
            "content_base64sha256": "rVc2aGUSblVknssjrh1IiHVEl27+pGpI612Fpu600wY=",
            "content_base64sha512": "ZDww9zowFwULKHeU/IxbuasGuc44ofxY30Aqi2b/WPab8KYGrhdYU1KgMG8Ol1LejFwGSu1wA/UoCLQ/+ZKmAw==",
            "content_md5": "f899139df5e1059396431415e770c6dd",
            "content_sha1": "310b86e0b62b828562fc91c7be5380a992b2786a",
            "content_sha256": "ad57366865126e55649ecb23ae1d48887544976efea46a48eb5d85a6eeb4d306",
            "content_sha512": "643c30f73a3017050b287794fc8c5bb9ab06b9ce38a1fc58df402a8b66ff58f69bf0a606ae17585352a0306f0e9752de8c5c064aed7003f52808b43ff992a603",
            "directory_permission": "0777",
            "file_permission": "0777",
            "filename": "Francisco",
            "id": "310b86e0b62b828562fc91c7be5380a992b2786a",
            "sensitive_content": null,
            "source": null
          },
          "sensitive_attributes": [
            [
              {
                "type": "get_attr",
                "value": "sensitive_content"
              }
            ]
          ],
          "identity_schema_version": 0
        }
      ]
    },
    {
      "mode": "managed",
      "type": "local_file",
      "name": "persona",
      "provider": "provider[\"registry.terraform.io/hashicorp/local\"]",
      "instances": [
        {
          "schema_version": 0,
          "attributes": {
            "content": "FRANCISCO SANCHEZ RAMIREZ",
            "content_base64": null,
            "content_base64sha256": "71VLyI9XzivzqmzbCWnlu+CaUQHQ+aRA4J0GSxZcbBM=",
            "content_base64sha512": "7T8wTxcnUuw42Du3h8/V5NmZ8XGiX8do9eu4N8orUkJTfCSnU4VuO3M74y1ul0jZV1RVGol3fD7fzFvE5IslQw==",
            "content_md5": "f5d7bbfe10d716014a643973b8effcd2",
            "content_sha1": "af7ffbab7e3373679c333ff0bc68af67f59d9412",
            "content_sha256": "ef554bc88f57ce2bf3aa6cdb0969e5bbe09a5101d0f9a440e09d064b165c6c13",
            "content_sha512": "ed3f304f172752ec38d83bb787cfd5e4d999f171a25fc768f5ebb837ca2b5242537c24a753856e3b733be32d6e9748d95754551a89777c3edfcc5bc4e48b2543",
            "directory_permission": "0777",
            "file_permission": "0777",
            "filename": "persona.txt",
            "id": "af7ffbab7e3373679c333ff0bc68af67f59d9412",
            "sensitive_content": null,
            "source": null
          },
          "sensitive_attributes": [
            [
              {
                "type": "get_attr",
                "value": "sensitive_content"
              }
            ]
          ],
          "identity_schema_version": 0
        }
      ]
    }
  ],
  "check_results": null
}
