{
  "version": 4,
  "terraform_version": "1.15.6",
  "serial": 4,
  "lineage": "3bbcb3ef-af18-5277-77be-65cb6d3806d1",
  "outputs": {},
  "resources": [
    {
      "mode": "managed",
      "type": "local_file",
      "name": "demo01",
      "provider": "provider[\"registry.terraform.io/hashicorp/local\"]",
      "instances": [
        {
          "schema_version": 0,
          "attributes": {
            "content": "viva el sapri",
            "content_base64": null,
            "content_base64sha256": "98NNunz+pLYq+NCcpQQIHOWHgmF8Blab1f/rTtgBYh0=",
            "content_base64sha512": "fGvnSkqv8pn3b5itqq6AVEBdPRGaRbQaKiaVqs9QLS3JDFMpfkjnOTQgBRiKYh0xRWuPUy81BeNxxSfxtFUklQ==",
            "content_md5": "e0a2afd43cbe79cd0ab1c6eddd8dbd1e",
            "content_sha1": "9797abad6dd6d699d4177c6390f19321604e0a9f",
            "content_sha256": "f7c34dba7cfea4b62af8d09ca504081ce58782617c06569bd5ffeb4ed801621d",
            "content_sha512": "7c6be74a4aaff299f76f98adaaae8054405d3d119a45b41a2a2695aacf502d2dc90c53297e48e739342005188a621d31456b8f532f3505e371c527f1b4552495",
            "directory_permission": "0777",
            "file_permission": "0777",
            "filename": "demo01.txt",
            "id": "9797abad6dd6d699d4177c6390f19321604e0a9f",
            "sensitive_content": null,
            "source": null
          },
          "sensitive_attributes": [
            [
              {
                "type": "get_attr",
                "value": "sensitive_content"
              }
            ]
          ],
          "identity_schema_version": 0
        }
      ]
    }
  ],
  "check_results": null
}
